
Microsoft Visual Studio Solution File, Format Version 12.00
# Visual Studio Version 17
VisualStudioVersion = 17.7.34024.191
MinimumVisualStudioVersion = 10.0.40219.1
Project("{FAE04EC0-301F-11D3-BF4B-00C04F79EFBC}") = "Book_Store", "Book_Store.csproj", "{60C0D3AD-0FC7-4A7D-84E1-6A174040DDE5}"
EndProject
Project("{FAE04EC0-301F-11D3-BF4B-00C04F79EFBC}") = "Repository_Layer", "..\Repository_Layer\Repository_Layer.csproj", "{3D10FE91-A1C7-49C1-AFF0-95F05839EA1E}"
EndProject
Project("{FAE04EC0-301F-11D3-BF4B-00C04F79EFBC}") = "Business_Layer", "..\Business_Layer\Business_Layer.csproj", "{9FAF75AF-A7AC-48FE-B954-D3EB28084D7F}"
EndProject
Global
	GlobalSection(SolutionConfigurationPlatforms) = preSolution
		Debug|Any CPU = Debug|Any CPU
		Release|Any CPU = Release|Any CPU
	EndGlobalSection
	GlobalSection(ProjectConfigurationPlatforms) = postSolution
		{60C0D3AD-0FC7-4A7D-84E1-6A174040DDE5}.Debug|Any CPU.ActiveCfg = Debug|Any CPU
		{60C0D3AD-0FC7-4A7D-84E1-6A174040DDE5}.Debug|Any CPU.Build.0 = Debug|Any CPU
		{60C0D3AD-0FC7-4A7D-84E1-6A174040DDE5}.Release|Any CPU.ActiveCfg = Release|Any CPU
		{60C0D3AD-0FC7-4A7D-84E1-6A174040DDE5}.Release|Any CPU.Build.0 = Release|Any CPU
		{3D10FE91-A1C7-49C1-AFF0-95F05839EA1E}.Debug|Any CPU.ActiveCfg = Debug|Any CPU
		{3D10FE91-A1C7-49C1-AFF0-95F05839EA1E}.Debug|Any CPU.Build.0 = Debug|Any CPU
		{3D10FE91-A1C7-49C1-AFF0-95F05839EA1E}.Release|Any CPU.ActiveCfg = Release|Any CPU
		{3D10FE91-A1C7-49C1-AFF0-95F05839EA1E}.Release|Any CPU.Build.0 = Release|Any CPU
		{9FAF75AF-A7AC-48FE-B954-D3EB28084D7F}.Debug|Any CPU.ActiveCfg = Debug|Any CPU
		{9FAF75AF-A7AC-48FE-B954-D3EB28084D7F}.Debug|Any CPU.Build.0 = Debug|Any CPU
		{9FAF75AF-A7AC-48FE-B954-D3EB28084D7F}.Release|Any CPU.ActiveCfg = Release|Any CPU
		{9FAF75AF-A7AC-48FE-B954-D3EB28084D7F}.Release|Any CPU.Build.0 = Release|Any CPU
	EndGlobalSection
	GlobalSection(SolutionProperties) = preSolution
		HideSolutionNode = FALSE
	EndGlobalSection
	GlobalSection(ExtensibilityGlobals) = postSolution
		SolutionGuid = {BCE1DFCF-B88E-4C6F-8EF3-044C7CB785E8}
	EndGlobalSection
EndGlobal
